
Microsoft Visual Studio Solution File, Format Version 12.00
# Visual Studio Version 17
VisualStudioVersion = 17.9.34607.119
MinimumVisualStudioVersion = 10.0.40219.1
Project("{9A19103F-16F7-4668-BE54-9A1E7A4F7556}") = "TrelloClone", "TrelloClone\TrelloClone.csproj", "{E0B986B1-2EFA-4DB1-9C22-8DF42FD7E838}"
EndProject
Project("{FAE04EC0-301F-11D3-BF4B-00C04F79EFBC}") = "Trollo.Entities", "Trollo.Entities\Trollo.Entities.csproj", "{6CC123CA-F9E9-4F13-8C8F-1E39FCA14AF3}"
EndProject
Project("{FAE04EC0-301F-11D3-BF4B-00C04F79EFBC}") = "Trello.DataAccess", "Trello.DataAccess\Trello.DataAccess.csproj", "{342BFE3A-6394-446A-8B38-2EC504E7D213}"
EndProject
Project("{FAE04EC0-301F-11D3-BF4B-00C04F79EFBC}") = "Trello.Business", "Trello.Business\Trello.Business.csproj", "{B0FF1201-D173-425B-A3D9-296D1BB1EB7F}"
EndProject
Project("{FAE04EC0-301F-11D3-BF4B-00C04F79EFBC}") = "Trello.WebApi", "Trello.WebApi\Trello.WebApi.csproj", "{A6440492-8ABC-4F99-AD50-F5DF6C36F227}"
EndProject
Global
	GlobalSection(SolutionConfigurationPlatforms) = preSolution
		Debug|Any CPU = Debug|Any CPU
		Release|Any CPU = Release|Any CPU
	EndGlobalSection
	GlobalSection(ProjectConfigurationPlatforms) = postSolution
		{E0B986B1-2EFA-4DB1-9C22-8DF42FD7E838}.Debug|Any CPU.ActiveCfg = Debug|Any CPU
		{E0B986B1-2EFA-4DB1-9C22-8DF42FD7E838}.Debug|Any CPU.Build.0 = Debug|Any CPU
		{E0B986B1-2EFA-4DB1-9C22-8DF42FD7E838}.Release|Any CPU.ActiveCfg = Release|Any CPU
		{E0B986B1-2EFA-4DB1-9C22-8DF42FD7E838}.Release|Any CPU.Build.0 = Release|Any CPU
		{6CC123CA-F9E9-4F13-8C8F-1E39FCA14AF3}.Debug|Any CPU.ActiveCfg = Debug|Any CPU
		{6CC123CA-F9E9-4F13-8C8F-1E39FCA14AF3}.Debug|Any CPU.Build.0 = Debug|Any CPU
		{6CC123CA-F9E9-4F13-8C8F-1E39FCA14AF3}.Release|Any CPU.ActiveCfg = Release|Any CPU
		{6CC123CA-F9E9-4F13-8C8F-1E39FCA14AF3}.Release|Any CPU.Build.0 = Release|Any CPU
		{342BFE3A-6394-446A-8B38-2EC504E7D213}.Debug|Any CPU.ActiveCfg = Debug|Any CPU
		{342BFE3A-6394-446A-8B38-2EC504E7D213}.Debug|Any CPU.Build.0 = Debug|Any CPU
		{342BFE3A-6394-446A-8B38-2EC504E7D213}.Release|Any CPU.ActiveCfg = Release|Any CPU
		{342BFE3A-6394-446A-8B38-2EC504E7D213}.Release|Any CPU.Build.0 = Release|Any CPU
		{B0FF1201-D173-425B-A3D9-296D1BB1EB7F}.Debug|Any CPU.ActiveCfg = Debug|Any CPU
		{B0FF1201-D173-425B-A3D9-296D1BB1EB7F}.Debug|Any CPU.Build.0 = Debug|Any CPU
		{B0FF1201-D173-425B-A3D9-296D1BB1EB7F}.Release|Any CPU.ActiveCfg = Release|Any CPU
		{B0FF1201-D173-425B-A3D9-296D1BB1EB7F}.Release|Any CPU.Build.0 = Release|Any CPU
		{A6440492-8ABC-4F99-AD50-F5DF6C36F227}.Debug|Any CPU.ActiveCfg = Debug|Any CPU
		{A6440492-8ABC-4F99-AD50-F5DF6C36F227}.Debug|Any CPU.Build.0 = Debug|Any CPU
		{A6440492-8ABC-4F99-AD50-F5DF6C36F227}.Release|Any CPU.ActiveCfg = Release|Any CPU
		{A6440492-8ABC-4F99-AD50-F5DF6C36F227}.Release|Any CPU.Build.0 = Release|Any CPU
	EndGlobalSection
	GlobalSection(SolutionProperties) = preSolution
		HideSolutionNode = FALSE
	EndGlobalSection
	GlobalSection(ExtensibilityGlobals) = postSolution
		SolutionGuid = {915162AA-E4DB-4858-AA8D-095FCCE040E2}
	EndGlobalSection
EndGlobal
